// !$*UTF8*$!
{
	archiveVersion = 1;
	classes = {
	};
	objectVersion = 46;
	objects = {

/* Begin PBXBuildFile section */
		AB7970E41C80EC650016F2AC /* AppDelegate.swift in Sources */ = {isa = PBXBuildFile; fileRef = AB7970E31C80EC650016F2AC /* AppDelegate.swift */; };
		AB7970E61C80EC650016F2AC /* ViewController.swift in Sources */ = {isa = PBXBuildFile; fileRef = AB7970E51C80EC650016F2AC /* ViewController.swift */; };
		AB7970E91C80EC650016F2AC /* Main.storyboard in Resources */ = {isa = PBXBuildFile; fileRef = AB7970E71C80EC650016F2AC /* Main.storyboard */; };
		AB7970EB1C80EC650016F2AC /* Assets.xcassets in Resources */ = {isa = PBXBuildFile; fileRef = AB7970EA1C80EC650016F2AC /* Assets.xcassets */; };
		AB7970EE1C80EC650016F2AC /* LaunchScreen.storyboard in Resources */ = {isa = PBXBuildFile; fileRef = AB7970EC1C80EC650016F2AC /* LaunchScreen.storyboard */; };
/* End PBXBuildFile section */

/* Begin PBXFileReference section */
		AB7970E01C80EC650016F2AC /* Grace Lutheran.app */ = {isa = PBXFileReference; explicitFileType = wrapper.application; includeInIndex = 0; path = "Grace Lutheran.app"; sourceTree = BUILT_PRODUCTS_DIR; };
		AB7970E31C80EC650016F2AC /* AppDelegate.swift */ = {isa = PBXFileReference; lastKnownFileType = sourcecode.swift; path = AppDelegate.swift; sourceTree = "<group>"; };
		AB7970E51C80EC650016F2AC /* ViewController.swift */ = {isa = PBXFileReference; lastKnownFileType = sourcecode.swift; path = ViewController.swift; sourceTree = "<group>"; };
		AB7970E81C80EC650016F2AC /* Base */ = {isa = PBXFileReference; lastKnownFileType = file.storyboard; name = Base; path = Base.lproj/Main.storyboard; sourceTree = "<group>"; };
		AB7970EA1C80EC650016F2AC /* Assets.xcassets */ = {isa = PBXFileReference; lastKnownFileType = folder.assetcatalog; path = Assets.xcassets; sourceTree = "<group>"; };
		AB7970ED1C80EC650016F2AC /* Base */ = {isa = PBXFileReference; lastKnownFileType = file.storyboard; name = Base; path = Base.lproj/LaunchScreen.storyboard; sourceTree = "<group>"; };
		AB7970EF1C80EC650016F2AC /* Info.plist */ = {isa = PBXFileReference; lastKnownFileType = text.plist.xml; path = Info.plist; sourceTree = "<group>"; };
/* End PBXFileReference section */

/* Begin PBXFrameworksBuildPhase section */
		AB7970DD1C80EC650016F2AC /* Frameworks */ = {
			isa = PBXFrameworksBuildPhase;
			buildActionMask = 2147483647;
			files = (
			);
			runOnlyForDeploymentPostprocessing = 0;
		};
/* End PBXFrameworksBuildPhase section */

/* Begin PBXGroup section */
		AB7970D71C80EC650016F2AC = {
			isa = PBXGroup;
			children = (
				AB7970E21C80EC650016F2AC /* Grace Lutheran */,
				AB7970E11C80EC650016F2AC /* Products */,
			);
			sourceTree = "<group>";
		};
		AB7970E11C80EC650016F2AC /* Products */ = {
			isa = PBXGroup;
			children = (
				AB7970E01C80EC650016F2AC /* Grace Lutheran.app */,
			);
			name = Products;
			sourceTree = "<group>";
		};
		AB7970E21C80EC650016F2AC /* Grace Lutheran */ = {
			isa = PBXGroup;
			children = (
				AB7970E31C80EC650016F2AC /* AppDelegate.swift */,
				AB7970E51C80EC650016F2AC /* ViewController.swift */,
				AB7970E71C80EC650016F2AC /* Main.storyboard */,
				AB7970EA1C80EC650016F2AC /* Assets.xcassets */,
				AB7970EC1C80EC650016F2AC /* LaunchScreen.storyboard */,
				AB7970EF1C80EC650016F2AC /* Info.plist */,
			);
			path = "Grace Lutheran";
			sourceTree = "<group>";
		};
/* End PBXGroup section */

/* Begin PBXNativeTarget section */
		AB7970DF1C80EC650016F2AC /* Grace Lutheran */ = {
			isa = PBXNativeTarget;
			buildConfigurationList = AB7970F21C80EC650016F2AC /* Build configuration list for PBXNativeTarget "Grace Lutheran" */;
			buildPhases = (
				AB7970DC1C80EC650016F2AC /* Sources */,
				AB7970DD1C80EC650016F2AC /* Frameworks */,
				AB7970DE1C80EC650016F2AC /* Resources */,
			);
			buildRules = (
			);
			dependencies = (
			);
			name = "Grace Lutheran";
			productName = "Grace Lutheran";
			productReference = AB7970E01C80EC650016F2AC /* Grace Lutheran.app */;
			productType = "com.apple.product-type.application";
		};
/* End PBXNativeTarget section */

/* Begin PBXProject section */
		AB7970D81C80EC650016F2AC /* Project object */ = {
			isa = PBXProject;
			attributes = {
				LastSwiftUpdateCheck = 0720;
				LastUpgradeCheck = 0720;
				ORGANIZATIONNAME = "Grace Lutheran - Oak Creek";
				TargetAttributes = {
					AB7970DF1C80EC650016F2AC = {
						CreatedOnToolsVersion = 7.2.1;
						DevelopmentTeam = 3K437A56E6;
					};
				};
			};
			buildConfigurationList = AB7970DB1C80EC650016F2AC /* Build configuration list for PBXProject "Grace Lutheran" */;
			compatibilityVersion = "Xcode 3.2";
			developmentRegion = English;
			hasScannedForEncodings = 0;
			knownRegions = (
				en,
				Base,
			);
			mainGroup = AB7970D71C80EC650016F2AC;
			productRefGroup = AB7970E11C80EC650016F2AC /* Products */;
			projectDirPath = "";
			projectRoot = "";
			targets = (
				AB7970DF1C80EC650016F2AC /* Grace Lutheran */,
			);
		};
/* End PBXProject section */

/* Begin PBXResourcesBuildPhase section */
		AB7970DE1C80EC650016F2AC /* Resources */ = {
			isa = PBXResourcesBuildPhase;
			buildActionMask = 2147483647;
			files = (
				AB7970EE1C80EC650016F2AC /* LaunchScreen.storyboard in Resources */,
				AB7970EB1C80EC650016F2AC /* Assets.xcassets in Resources */,
				AB7970E91C80EC650016F2AC /* Main.storyboard in Resources */,
			);
			runOnlyForDeploymentPostprocessing = 0;
		};
/* End PBXResourcesBuildPhase section */

/* Begin PBXSourcesBuildPhase section */
		AB7970DC1C80EC650016F2AC /* Sources */ = {
			isa = PBXSourcesBuildPhase;
			buildActionMask = 2147483647;
			files = (
				AB7970E61C80EC650016F2AC /* ViewController.swift in Sources */,
				AB7970E41C80EC650016F2AC /* AppDelegate.swift in Sources */,
			);
			runOnlyForDeploymentPostprocessing = 0;
		};
/* End PBXSourcesBuildPhase section */

/* Begin PBXVariantGroup section */
		AB7970E71C80EC650016F2AC /* Main.storyboard */ = {
			isa = PBXVariantGroup;
			children = (
				AB7970E81C80EC650016F2AC /* Base */,
			);
			name = Main.storyboard;
			sourceTree = "<group>";
		};
		AB7970EC1C80EC650016F2AC /* LaunchScreen.storyboard */ = {
			isa = PBXVariantGroup;
			children = (
				AB7970ED1C80EC650016F2AC /* Base */,
			);
			name = LaunchScreen.storyboard;
			sourceTree = "<group>";
		};
/* End PBXVariantGroup section */

/* Begin XCBuildConfiguration section */
		AB7970F01C80EC650016F2AC /* Debug */ = {
			isa = XCBuildConfiguration;
			buildSettings = {
				ALWAYS_SEARCH_USER_PATHS = NO;
				CLANG_CXX_LANGUAGE_STANDARD = "gnu++0x";
				CLANG_CXX_LIBRARY = "libc++";
				CLANG_ENABLE_MODULES = YES;
				CLANG_ENABLE_OBJC_ARC = YES;
				CLANG_WARN_BOOL_CONVERSION = YES;
				CLANG_WARN_CONSTANT_CONVERSION = YES;
				CLANG_WARN_DIRECT_OBJC_ISA_USAGE = YES_ERROR;
				CLANG_WARN_EMPTY_BODY = YES;
				CLANG_WARN_ENUM_CONVERSION = YES;
				CLANG_WARN_INT_CONVERSION = YES;
				CLANG_WARN_OBJC_ROOT_CLASS = YES_ERROR;
				CLANG_WARN_UNREACHABLE_CODE = YES;
				CLANG_WARN__DUPLICATE_METHOD_MATCH = YES;
				"CODE_SIGN_IDENTITY[sdk=iphoneos*]" = "iPhone Developer";
				COPY_PHASE_STRIP = NO;
				DEBUG_INFORMATION_FORMAT = dwarf;
				ENABLE_STRICT_OBJC_MSGSEND = YES;
				ENABLE_TESTABILITY = YES;
				GCC_C_LANGUAGE_STANDARD = gnu99;
				GCC_DYNAMIC_NO_PIC = NO;
				GCC_NO_COMMON_BLOCKS = YES;
				GCC_OPTIMIZATION_LEVEL = 0;
				GCC_PREPROCESSOR_DEFINITIONS = (
					"DEBUG=1",
					"$(inherited)",
				);
				GCC_WARN_64_TO_32_BIT_CONVERSION = YES;
				GCC_WARN_ABOUT_RETURN_TYPE = YES_ERROR;
				GCC_WARN_UNDECLARED_SELECTOR = YES;
				GCC_WARN_UNINITIALIZED_AUTOS = YES_AGGRESSIVE;
				GCC_WARN_UNUSED_FUNCTION = YES;
				GCC_WARN_UNUSED_VARIABLE = YES;
				IPHONEOS_DEPLOYMENT_TARGET = 9.2;
				MTL_ENABLE_DEBUG_INFO = YES;
				ONLY_ACTIVE_ARCH = YES;
				SDKROOT = iphoneos;
				SWIFT_OPTIMIZATION_LEVEL = "-Onone";
			};
			name = Debug;
		};
		AB7970F11C80EC650016F2AC /* Release */ = {
			isa = XCBuildConfiguration;
			buildSettings = {
				ALWAYS_SEARCH_USER_PATHS = NO;
				CLANG_CXX_LANGUAGE_STANDARD = "gnu++0x";
				CLANG_CXX_LIBRARY = "libc++";
				CLANG_ENABLE_MODULES = YES;
				CLANG_ENABLE_OBJC_ARC = YES;
				CLANG_WARN_BOOL_CONVERSION = YES;
				CLANG_WARN_CONSTANT_CONVERSION = YES;
				CLANG_WARN_DIRECT_OBJC_ISA_USAGE = YES_ERROR;
				CLANG_WARN_EMPTY_BODY = YES;
				CLANG_WARN_ENUM_CONVERSION = YES;
				CLANG_WARN_INT_CONVERSION = YES;
				CLANG_WARN_OBJC_ROOT_CLASS = YES_ERROR;
				CLANG_WARN_UNREACHABLE_CODE = YES;
				CLANG_WARN__DUPLICATE_METHOD_MATCH = YES;
				"CODE_SIGN_IDENTITY[sdk=iphoneos*]" = "iPhone Developer";
				COPY_PHASE_STRIP = NO;
				DEBUG_INFORMATION_FORMAT = "dwarf-with-dsym";
				ENABLE_NS_ASSERTIONS = NO;
				ENABLE_STRICT_OBJC_MSGSEND = YES;
				GCC_C_LANGUAGE_STANDARD = gnu99;
				GCC_NO_COMMON_BLOCKS = YES;
				GCC_WARN_64_TO_32_BIT_CONVERSION = YES;
				GCC_WARN_ABOUT_RETURN_TYPE = YES_ERROR;
				GCC_WARN_UNDECLARED_SELECTOR = YES;
				GCC_WARN_UNINITIALIZED_AUTOS = YES_AGGRESSIVE;
				GCC_WARN_UNUSED_FUNCTION = YES;
				GCC_WARN_UNUSED_VARIABLE = YES;
				IPHONEOS_DEPLOYMENT_TARGET = 9.2;
				MTL_ENABLE_DEBUG_INFO = NO;
				SDKROOT = iphoneos;
				VALIDATE_PRODUCT = YES;
			};
			name = Release;
		};
		AB7970F31C80EC650016F2AC /* Debug */ = {
			isa = XCBuildConfiguration;
			buildSettings = {
				ASSETCATALOG_COMPILER_APPICON_NAME = AppIcon;
				INFOPLIST_FILE = "Grace Lutheran/Info.plist";
				LD_RUNPATH_SEARCH_PATHS = "$(inherited) @executable_path/Frameworks";
				PRODUCT_BUNDLE_IDENTIFIER = "GLOK.Grace-Lutheran";
				PRODUCT_NAME = "$(TARGET_NAME)";
			};
			name = Debug;
		};
		AB7970F41C80EC650016F2AC /* Release */ = {
			isa = XCBuildConfiguration;
			buildSettings = {
				ASSETCATALOG_COMPILER_APPICON_NAME = AppIcon;
				INFOPLIST_FILE = "Grace Lutheran/Info.plist";
				LD_RUNPATH_SEARCH_PATHS = "$(inherited) @executable_path/Frameworks";
				PRODUCT_BUNDLE_IDENTIFIER = "GLOK.Grace-Lutheran";
				PRODUCT_NAME = "$(TARGET_NAME)";
			};
			name = Release;
		};
/* End XCBuildConfiguration section */

/* Begin XCConfigurationList section */
		AB7970DB1C80EC650016F2AC /* Build configuration list for PBXProject "Grace Lutheran" */ = {
			isa = XCConfigurationList;
			buildConfigurations = (
				AB7970F01C80EC650016F2AC /* Debug */,
				AB7970F11C80EC650016F2AC /* Release */,
			);
			defaultConfigurationIsVisible = 0;
			defaultConfigurationName = Release;
		};
		AB7970F21C80EC650016F2AC /* Build configuration list for PBXNativeTarget "Grace Lutheran" */ = {
			isa = XCConfigurationList;
			buildConfigurations = (
				AB7970F31C80EC650016F2AC /* Debug */,
				AB7970F41C80EC650016F2AC /* Release */,
			);
			defaultConfigurationIsVisible = 0;
		};
/* End XCConfigurationList section */
	};
	rootObject = AB7970D81C80EC650016F2AC /* Project object */;
}
