// !$*UTF8*$!
{
	archiveVersion = 1;
	classes = {
	};
	objectVersion = 46;
	objects = {

/* Begin PBXBuildFile section */
		AB1B26271CA3375200BDE9FA /* PhoneCore.swift in Sources */ = {isa = PBXBuildFile; fileRef = AB1B26261CA3375200BDE9FA /* PhoneCore.swift */; };
		AB1B26291CA5E0AE00BDE9FA /* Bible.swift in Sources */ = {isa = PBXBuildFile; fileRef = AB1B26281CA5E0AE00BDE9FA /* Bible.swift */; };
		AB543F6A1CD7F68400030CD1 /* church.png in Resources */ = {isa = PBXBuildFile; fileRef = AB543F671CD7F68400030CD1 /* church.png */; };
		AB543F6B1CD7F68400030CD1 /* ecc.png in Resources */ = {isa = PBXBuildFile; fileRef = AB543F681CD7F68400030CD1 /* ecc.png */; };
		AB543F6C1CD7F68400030CD1 /* school.png in Resources */ = {isa = PBXBuildFile; fileRef = AB543F691CD7F68400030CD1 /* school.png */; };
		AB543F731CD9561E00030CD1 /* logo58.png in Resources */ = {isa = PBXBuildFile; fileRef = AB543F6E1CD9561E00030CD1 /* logo58.png */; };
		AB543F741CD9561E00030CD1 /* logo80.png in Resources */ = {isa = PBXBuildFile; fileRef = AB543F6F1CD9561E00030CD1 /* logo80.png */; };
		AB543F751CD9561E00030CD1 /* logo87.png in Resources */ = {isa = PBXBuildFile; fileRef = AB543F701CD9561E00030CD1 /* logo87.png */; };
		AB543F761CD9561E00030CD1 /* logo120.png in Resources */ = {isa = PBXBuildFile; fileRef = AB543F711CD9561E00030CD1 /* logo120.png */; };
		AB543F771CD9561E00030CD1 /* logo180.png in Resources */ = {isa = PBXBuildFile; fileRef = AB543F721CD9561E00030CD1 /* logo180.png */; };
		AB543F791CDA818700030CD1 /* Home.png in Resources */ = {isa = PBXBuildFile; fileRef = AB543F781CDA818700030CD1 /* Home.png */; };
		AB543F7B1CDA875D00030CD1 /* square-individual-nine-7.png in Resources */ = {isa = PBXBuildFile; fileRef = AB543F7A1CDA875D00030CD1 /* square-individual-nine-7.png */; };
		AB543F7E1CDA87EF00030CD1 /* book-cover-7.png in Resources */ = {isa = PBXBuildFile; fileRef = AB543F7C1CDA87EF00030CD1 /* book-cover-7.png */; };
		AB543F7F1CDA87EF00030CD1 /* calendar-7.png in Resources */ = {isa = PBXBuildFile; fileRef = AB543F7D1CDA87EF00030CD1 /* calendar-7.png */; };
		AB6DC89B1CC5C4450069B3CA /* Prayers.swift in Sources */ = {isa = PBXBuildFile; fileRef = AB6DC89A1CC5C4450069B3CA /* Prayers.swift */; };
		AB6DC89D1CC5C4510069B3CA /* Newsletters.swift in Sources */ = {isa = PBXBuildFile; fileRef = AB6DC89C1CC5C4510069B3CA /* Newsletters.swift */; };
		AB6DC8A11CC5C46E0069B3CA /* Facebook.swift in Sources */ = {isa = PBXBuildFile; fileRef = AB6DC8A01CC5C46E0069B3CA /* Facebook.swift */; };
		AB6DC8A31CC5C47B0069B3CA /* Donations.swift in Sources */ = {isa = PBXBuildFile; fileRef = AB6DC8A21CC5C47B0069B3CA /* Donations.swift */; };
		AB6DC8A51CC5C4890069B3CA /* Service Times.swift in Sources */ = {isa = PBXBuildFile; fileRef = AB6DC8A41CC5C4890069B3CA /* Service Times.swift */; };
		AB6DC8C51CC6F1670069B3CA /* Submit Prayer.swift in Sources */ = {isa = PBXBuildFile; fileRef = AB6DC8C41CC6F1670069B3CA /* Submit Prayer.swift */; };
		AB6DC8C91CC725E70069B3CA /* lcms-logo.png in Resources */ = {isa = PBXBuildFile; fileRef = AB6DC8C81CC725E70069B3CA /* lcms-logo.png */; };
		AB6EB7231CD2956900F01C0E /* Accelerate.framework in Frameworks */ = {isa = PBXBuildFile; fileRef = AB6EB71A1CD2956900F01C0E /* Accelerate.framework */; };
		AB6EB7241CD2956900F01C0E /* AudioToolbox.framework in Frameworks */ = {isa = PBXBuildFile; fileRef = AB6EB71B1CD2956900F01C0E /* AudioToolbox.framework */; };
		AB6EB7251CD2956900F01C0E /* AVFoundation.framework in Frameworks */ = {isa = PBXBuildFile; fileRef = AB6EB71C1CD2956900F01C0E /* AVFoundation.framework */; };
		AB6EB7261CD2956900F01C0E /* CoreLocation.framework in Frameworks */ = {isa = PBXBuildFile; fileRef = AB6EB71D1CD2956900F01C0E /* CoreLocation.framework */; };
		AB6EB7271CD2956900F01C0E /* CoreMedia.framework in Frameworks */ = {isa = PBXBuildFile; fileRef = AB6EB71E1CD2956900F01C0E /* CoreMedia.framework */; };
		AB6EB7281CD2956900F01C0E /* MessageUI.framework in Frameworks */ = {isa = PBXBuildFile; fileRef = AB6EB71F1CD2956900F01C0E /* MessageUI.framework */; };
		AB6EB7291CD2956900F01C0E /* MobileCoreServices.framework in Frameworks */ = {isa = PBXBuildFile; fileRef = AB6EB7201CD2956900F01C0E /* MobileCoreServices.framework */; };
		AB6EB72A1CD2956900F01C0E /* SafariServices.framework in Frameworks */ = {isa = PBXBuildFile; fileRef = AB6EB7211CD2956900F01C0E /* SafariServices.framework */; };
		AB6EB72B1CD2956900F01C0E /* SystemConfiguration.framework in Frameworks */ = {isa = PBXBuildFile; fileRef = AB6EB7221CD2956900F01C0E /* SystemConfiguration.framework */; };
		AB6EB72D1CD3EA8400F01C0E /* Contact Us.swift in Sources */ = {isa = PBXBuildFile; fileRef = AB6EB72C1CD3EA8400F01C0E /* Contact Us.swift */; };
		AB6EB72F1CD4501400F01C0E /* lcmslogowwords.jpeg in Resources */ = {isa = PBXBuildFile; fileRef = AB6EB72E1CD4501400F01C0E /* lcmslogowwords.jpeg */; };
		AB6EB7311CD4526200F01C0E /* gllogo.jpg in Resources */ = {isa = PBXBuildFile; fileRef = AB6EB7301CD4526200F01C0E /* gllogo.jpg */; };
		AB6EB7331CD4816800F01C0E /* Directions.swift in Sources */ = {isa = PBXBuildFile; fileRef = AB6EB7321CD4816800F01C0E /* Directions.swift */; };
		AB7970E41C80EC650016F2AC /* AppDelegate.swift in Sources */ = {isa = PBXBuildFile; fileRef = AB7970E31C80EC650016F2AC /* AppDelegate.swift */; };
		AB7970E91C80EC650016F2AC /* Main.storyboard in Resources */ = {isa = PBXBuildFile; fileRef = AB7970E71C80EC650016F2AC /* Main.storyboard */; };
		AB7970EB1C80EC650016F2AC /* Assets.xcassets in Resources */ = {isa = PBXBuildFile; fileRef = AB7970EA1C80EC650016F2AC /* Assets.xcassets */; };
		AB7970EE1C80EC650016F2AC /* LaunchScreen.storyboard in Resources */ = {isa = PBXBuildFile; fileRef = AB7970EC1C80EC650016F2AC /* LaunchScreen.storyboard */; };
		AB7970F61C80ED5B0016F2AC /* About Page.swift in Sources */ = {isa = PBXBuildFile; fileRef = AB7970F51C80ED5B0016F2AC /* About Page.swift */; };
		AB7970F81C80ED710016F2AC /* Calendar Page.swift in Sources */ = {isa = PBXBuildFile; fileRef = AB7970F71C80ED710016F2AC /* Calendar Page.swift */; };
		AB7970FA1C80F1080016F2AC /* Daily Devotion Page.swift in Sources */ = {isa = PBXBuildFile; fileRef = AB7970F91C80F1080016F2AC /* Daily Devotion Page.swift */; };
		AB7970FC1C80F1180016F2AC /* More Page.swift in Sources */ = {isa = PBXBuildFile; fileRef = AB7970FB1C80F1180016F2AC /* More Page.swift */; };
		FF264F0DD3EAC7A9BC823C5F /* Pods.framework in Frameworks */ = {isa = PBXBuildFile; fileRef = E3F5E9A3F55CF9DEB4972279 /* Pods.framework */; };
/* End PBXBuildFile section */

/* Begin PBXFileReference section */
		60C13983F95DCA9AC0D6C128 /* Pods.debug.xcconfig */ = {isa = PBXFileReference; includeInIndex = 1; lastKnownFileType = text.xcconfig; name = Pods.debug.xcconfig; path = "Pods/Target Support Files/Pods/Pods.debug.xcconfig"; sourceTree = "<group>"; };
		AB1B26261CA3375200BDE9FA /* PhoneCore.swift */ = {isa = PBXFileReference; fileEncoding = 4; lastKnownFileType = sourcecode.swift; path = PhoneCore.swift; sourceTree = "<group>"; };
		AB1B26281CA5E0AE00BDE9FA /* Bible.swift */ = {isa = PBXFileReference; fileEncoding = 4; lastKnownFileType = sourcecode.swift; path = Bible.swift; sourceTree = "<group>"; };
		AB543F671CD7F68400030CD1 /* church.png */ = {isa = PBXFileReference; lastKnownFileType = image.png; path = church.png; sourceTree = SOURCE_ROOT; };
		AB543F681CD7F68400030CD1 /* ecc.png */ = {isa = PBXFileReference; lastKnownFileType = image.png; path = ecc.png; sourceTree = SOURCE_ROOT; };
		AB543F691CD7F68400030CD1 /* school.png */ = {isa = PBXFileReference; lastKnownFileType = image.png; path = school.png; sourceTree = SOURCE_ROOT; };
		AB543F6E1CD9561E00030CD1 /* logo58.png */ = {isa = PBXFileReference; lastKnownFileType = image.png; path = logo58.png; sourceTree = SOURCE_ROOT; };
		AB543F6F1CD9561E00030CD1 /* logo80.png */ = {isa = PBXFileReference; lastKnownFileType = image.png; path = logo80.png; sourceTree = SOURCE_ROOT; };
		AB543F701CD9561E00030CD1 /* logo87.png */ = {isa = PBXFileReference; lastKnownFileType = image.png; path = logo87.png; sourceTree = SOURCE_ROOT; };
		AB543F711CD9561E00030CD1 /* logo120.png */ = {isa = PBXFileReference; lastKnownFileType = image.png; path = logo120.png; sourceTree = SOURCE_ROOT; };
		AB543F721CD9561E00030CD1 /* logo180.png */ = {isa = PBXFileReference; lastKnownFileType = image.png; path = logo180.png; sourceTree = SOURCE_ROOT; };
		AB543F781CDA818700030CD1 /* Home.png */ = {isa = PBXFileReference; lastKnownFileType = image.png; path = Home.png; sourceTree = SOURCE_ROOT; };
		AB543F7A1CDA875D00030CD1 /* square-individual-nine-7.png */ = {isa = PBXFileReference; lastKnownFileType = image.png; path = "square-individual-nine-7.png"; sourceTree = SOURCE_ROOT; };
		AB543F7C1CDA87EF00030CD1 /* book-cover-7.png */ = {isa = PBXFileReference; lastKnownFileType = image.png; path = "book-cover-7.png"; sourceTree = SOURCE_ROOT; };
		AB543F7D1CDA87EF00030CD1 /* calendar-7.png */ = {isa = PBXFileReference; lastKnownFileType = image.png; path = "calendar-7.png"; sourceTree = SOURCE_ROOT; };
		AB6DC89A1CC5C4450069B3CA /* Prayers.swift */ = {isa = PBXFileReference; fileEncoding = 4; lastKnownFileType = sourcecode.swift; path = Prayers.swift; sourceTree = "<group>"; };
		AB6DC89C1CC5C4510069B3CA /* Newsletters.swift */ = {isa = PBXFileReference; fileEncoding = 4; lastKnownFileType = sourcecode.swift; path = Newsletters.swift; sourceTree = "<group>"; };
		AB6DC8A01CC5C46E0069B3CA /* Facebook.swift */ = {isa = PBXFileReference; fileEncoding = 4; lastKnownFileType = sourcecode.swift; path = Facebook.swift; sourceTree = "<group>"; };
		AB6DC8A21CC5C47B0069B3CA /* Donations.swift */ = {isa = PBXFileReference; fileEncoding = 4; lastKnownFileType = sourcecode.swift; path = Donations.swift; sourceTree = "<group>"; };
		AB6DC8A41CC5C4890069B3CA /* Service Times.swift */ = {isa = PBXFileReference; fileEncoding = 4; lastKnownFileType = sourcecode.swift; path = "Service Times.swift"; sourceTree = "<group>"; };
		AB6DC8C41CC6F1670069B3CA /* Submit Prayer.swift */ = {isa = PBXFileReference; fileEncoding = 4; lastKnownFileType = sourcecode.swift; path = "Submit Prayer.swift"; sourceTree = "<group>"; };
		AB6DC8C81CC725E70069B3CA /* lcms-logo.png */ = {isa = PBXFileReference; lastKnownFileType = image.png; path = "lcms-logo.png"; sourceTree = SOURCE_ROOT; };
		AB6EB7161CD1B01900F01C0E /* Grace Lutheran-Bridging-Header.h */ = {isa = PBXFileReference; lastKnownFileType = sourcecode.c.h; path = "Grace Lutheran-Bridging-Header.h"; sourceTree = "<group>"; };
		AB6EB7191CD1B14300F01C0E /* ZZAppDelegate.h */ = {isa = PBXFileReference; lastKnownFileType = sourcecode.c.h; path = ZZAppDelegate.h; sourceTree = "<group>"; };
		AB6EB71A1CD2956900F01C0E /* Accelerate.framework */ = {isa = PBXFileReference; lastKnownFileType = wrapper.framework; name = Accelerate.framework; path = System/Library/Frameworks/Accelerate.framework; sourceTree = SDKROOT; };
		AB6EB71B1CD2956900F01C0E /* AudioToolbox.framework */ = {isa = PBXFileReference; lastKnownFileType = wrapper.framework; name = AudioToolbox.framework; path = System/Library/Frameworks/AudioToolbox.framework; sourceTree = SDKROOT; };
		AB6EB71C1CD2956900F01C0E /* AVFoundation.framework */ = {isa = PBXFileReference; lastKnownFileType = wrapper.framework; name = AVFoundation.framework; path = System/Library/Frameworks/AVFoundation.framework; sourceTree = SDKROOT; };
		AB6EB71D1CD2956900F01C0E /* CoreLocation.framework */ = {isa = PBXFileReference; lastKnownFileType = wrapper.framework; name = CoreLocation.framework; path = System/Library/Frameworks/CoreLocation.framework; sourceTree = SDKROOT; };
		AB6EB71E1CD2956900F01C0E /* CoreMedia.framework */ = {isa = PBXFileReference; lastKnownFileType = wrapper.framework; name = CoreMedia.framework; path = System/Library/Frameworks/CoreMedia.framework; sourceTree = SDKROOT; };
		AB6EB71F1CD2956900F01C0E /* MessageUI.framework */ = {isa = PBXFileReference; lastKnownFileType = wrapper.framework; name = MessageUI.framework; path = System/Library/Frameworks/MessageUI.framework; sourceTree = SDKROOT; };
		AB6EB7201CD2956900F01C0E /* MobileCoreServices.framework */ = {isa = PBXFileReference; lastKnownFileType = wrapper.framework; name = MobileCoreServices.framework; path = System/Library/Frameworks/MobileCoreServices.framework; sourceTree = SDKROOT; };
		AB6EB7211CD2956900F01C0E /* SafariServices.framework */ = {isa = PBXFileReference; lastKnownFileType = wrapper.framework; name = SafariServices.framework; path = System/Library/Frameworks/SafariServices.framework; sourceTree = SDKROOT; };
		AB6EB7221CD2956900F01C0E /* SystemConfiguration.framework */ = {isa = PBXFileReference; lastKnownFileType = wrapper.framework; name = SystemConfiguration.framework; path = System/Library/Frameworks/SystemConfiguration.framework; sourceTree = SDKROOT; };
		AB6EB72C1CD3EA8400F01C0E /* Contact Us.swift */ = {isa = PBXFileReference; fileEncoding = 4; lastKnownFileType = sourcecode.swift; path = "Contact Us.swift"; sourceTree = "<group>"; };
		AB6EB72E1CD4501400F01C0E /* lcmslogowwords.jpeg */ = {isa = PBXFileReference; lastKnownFileType = image.jpeg; path = lcmslogowwords.jpeg; sourceTree = SOURCE_ROOT; };
		AB6EB7301CD4526200F01C0E /* gllogo.jpg */ = {isa = PBXFileReference; lastKnownFileType = image.jpeg; path = gllogo.jpg; sourceTree = SOURCE_ROOT; };
		AB6EB7321CD4816800F01C0E /* Directions.swift */ = {isa = PBXFileReference; fileEncoding = 4; lastKnownFileType = sourcecode.swift; path = Directions.swift; sourceTree = "<group>"; };
		AB7970E01C80EC650016F2AC /* Grace Lutheran.app */ = {isa = PBXFileReference; explicitFileType = wrapper.application; includeInIndex = 0; path = "Grace Lutheran.app"; sourceTree = BUILT_PRODUCTS_DIR; };
		AB7970E31C80EC650016F2AC /* AppDelegate.swift */ = {isa = PBXFileReference; lastKnownFileType = sourcecode.swift; path = AppDelegate.swift; sourceTree = "<group>"; };
		AB7970E81C80EC650016F2AC /* Base */ = {isa = PBXFileReference; lastKnownFileType = file.storyboard; name = Base; path = Base.lproj/Main.storyboard; sourceTree = "<group>"; };
		AB7970EA1C80EC650016F2AC /* Assets.xcassets */ = {isa = PBXFileReference; lastKnownFileType = folder.assetcatalog; path = Assets.xcassets; sourceTree = "<group>"; };
		AB7970ED1C80EC650016F2AC /* Base */ = {isa = PBXFileReference; lastKnownFileType = file.storyboard; name = Base; path = Base.lproj/LaunchScreen.storyboard; sourceTree = "<group>"; };
		AB7970EF1C80EC650016F2AC /* Info.plist */ = {isa = PBXFileReference; lastKnownFileType = text.plist.xml; path = Info.plist; sourceTree = "<group>"; };
		AB7970F51C80ED5B0016F2AC /* About Page.swift */ = {isa = PBXFileReference; fileEncoding = 4; lastKnownFileType = sourcecode.swift; path = "About Page.swift"; sourceTree = "<group>"; };
		AB7970F71C80ED710016F2AC /* Calendar Page.swift */ = {isa = PBXFileReference; fileEncoding = 4; lastKnownFileType = sourcecode.swift; path = "Calendar Page.swift"; sourceTree = "<group>"; };
		AB7970F91C80F1080016F2AC /* Daily Devotion Page.swift */ = {isa = PBXFileReference; fileEncoding = 4; lastKnownFileType = sourcecode.swift; path = "Daily Devotion Page.swift"; sourceTree = "<group>"; };
		AB7970FB1C80F1180016F2AC /* More Page.swift */ = {isa = PBXFileReference; fileEncoding = 4; lastKnownFileType = sourcecode.swift; path = "More Page.swift"; sourceTree = "<group>"; };
		BFC69DC1F824AEB669AD0523 /* Pods.release.xcconfig */ = {isa = PBXFileReference; includeInIndex = 1; lastKnownFileType = text.xcconfig; name = Pods.release.xcconfig; path = "Pods/Target Support Files/Pods/Pods.release.xcconfig"; sourceTree = "<group>"; };
		E3F5E9A3F55CF9DEB4972279 /* Pods.framework */ = {isa = PBXFileReference; explicitFileType = wrapper.framework; includeInIndex = 0; path = Pods.framework; sourceTree = BUILT_PRODUCTS_DIR; };
/* End PBXFileReference section */

/* Begin PBXFrameworksBuildPhase section */
		AB7970DD1C80EC650016F2AC /* Frameworks */ = {
			isa = PBXFrameworksBuildPhase;
			buildActionMask = 2147483647;
			files = (
				AB6EB7231CD2956900F01C0E /* Accelerate.framework in Frameworks */,
				AB6EB7241CD2956900F01C0E /* AudioToolbox.framework in Frameworks */,
				AB6EB7251CD2956900F01C0E /* AVFoundation.framework in Frameworks */,
				AB6EB7261CD2956900F01C0E /* CoreLocation.framework in Frameworks */,
				AB6EB7271CD2956900F01C0E /* CoreMedia.framework in Frameworks */,
				AB6EB7281CD2956900F01C0E /* MessageUI.framework in Frameworks */,
				AB6EB7291CD2956900F01C0E /* MobileCoreServices.framework in Frameworks */,
				AB6EB72A1CD2956900F01C0E /* SafariServices.framework in Frameworks */,
				AB6EB72B1CD2956900F01C0E /* SystemConfiguration.framework in Frameworks */,
				FF264F0DD3EAC7A9BC823C5F /* Pods.framework in Frameworks */,
			);
			runOnlyForDeploymentPostprocessing = 0;
		};
/* End PBXFrameworksBuildPhase section */

/* Begin PBXGroup section */
		6B6D35FE54FE271004D4793B /* Frameworks */ = {
			isa = PBXGroup;
			children = (
				AB6EB71A1CD2956900F01C0E /* Accelerate.framework */,
				AB6EB71B1CD2956900F01C0E /* AudioToolbox.framework */,
				AB6EB71C1CD2956900F01C0E /* AVFoundation.framework */,
				AB6EB71D1CD2956900F01C0E /* CoreLocation.framework */,
				AB6EB71E1CD2956900F01C0E /* CoreMedia.framework */,
				AB6EB71F1CD2956900F01C0E /* MessageUI.framework */,
				AB6EB7201CD2956900F01C0E /* MobileCoreServices.framework */,
				AB6EB7211CD2956900F01C0E /* SafariServices.framework */,
				AB6EB7221CD2956900F01C0E /* SystemConfiguration.framework */,
				E3F5E9A3F55CF9DEB4972279 /* Pods.framework */,
			);
			name = Frameworks;
			sourceTree = "<group>";
		};
		A52236869AEAA255469A74D7 /* Pods */ = {
			isa = PBXGroup;
			children = (
				60C13983F95DCA9AC0D6C128 /* Pods.debug.xcconfig */,
				BFC69DC1F824AEB669AD0523 /* Pods.release.xcconfig */,
			);
			name = Pods;
			sourceTree = "<group>";
		};
		AB543F6D1CD955FE00030CD1 /* AppIcon */ = {
			isa = PBXGroup;
			children = (
				AB543F6E1CD9561E00030CD1 /* logo58.png */,
				AB543F6F1CD9561E00030CD1 /* logo80.png */,
				AB543F701CD9561E00030CD1 /* logo87.png */,
				AB543F711CD9561E00030CD1 /* logo120.png */,
				AB543F721CD9561E00030CD1 /* logo180.png */,
			);
			name = AppIcon;
			sourceTree = "<group>";
		};
		AB6DC8CC1CC73AEB0069B3CA /* Main */ = {
			isa = PBXGroup;
			children = (
				AB7970F51C80ED5B0016F2AC /* About Page.swift */,
				AB7970F71C80ED710016F2AC /* Calendar Page.swift */,
				AB7970F91C80F1080016F2AC /* Daily Devotion Page.swift */,
				AB7970FB1C80F1180016F2AC /* More Page.swift */,
				AB6DC8CD1CC841940069B3CA /* More */,
			);
			name = Main;
			sourceTree = "<group>";
		};
		AB6DC8CD1CC841940069B3CA /* More */ = {
			isa = PBXGroup;
			children = (
				AB1B26281CA5E0AE00BDE9FA /* Bible.swift */,
				AB6DC89A1CC5C4450069B3CA /* Prayers.swift */,
				AB6DC8C41CC6F1670069B3CA /* Submit Prayer.swift */,
				AB6DC89C1CC5C4510069B3CA /* Newsletters.swift */,
				AB6DC8A01CC5C46E0069B3CA /* Facebook.swift */,
				AB6DC8A21CC5C47B0069B3CA /* Donations.swift */,
				AB6DC8A41CC5C4890069B3CA /* Service Times.swift */,
				AB6EB72C1CD3EA8400F01C0E /* Contact Us.swift */,
				AB6EB7321CD4816800F01C0E /* Directions.swift */,
			);
			name = More;
			sourceTree = "<group>";
		};
		AB6DC8CE1CC841BF0069B3CA /* Core */ = {
			isa = PBXGroup;
			children = (
				AB1B26261CA3375200BDE9FA /* PhoneCore.swift */,
			);
			name = Core;
			sourceTree = "<group>";
		};
		AB7970D71C80EC650016F2AC = {
			isa = PBXGroup;
			children = (
				AB7970E21C80EC650016F2AC /* Grace Lutheran */,
				AB7970E11C80EC650016F2AC /* Products */,
				A52236869AEAA255469A74D7 /* Pods */,
				6B6D35FE54FE271004D4793B /* Frameworks */,
			);
			sourceTree = "<group>";
		};
		AB7970E11C80EC650016F2AC /* Products */ = {
			isa = PBXGroup;
			children = (
				AB7970E01C80EC650016F2AC /* Grace Lutheran.app */,
			);
			name = Products;
			sourceTree = "<group>";
		};
		AB7970E21C80EC650016F2AC /* Grace Lutheran */ = {
			isa = PBXGroup;
			children = (
				AB7970E31C80EC650016F2AC /* AppDelegate.swift */,
				AB7970E71C80EC650016F2AC /* Main.storyboard */,
				AB6DC8CC1CC73AEB0069B3CA /* Main */,
				AB6DC8CE1CC841BF0069B3CA /* Core */,
				AB7970FD1C80F1FA0016F2AC /* Pictures */,
				AB7970EA1C80EC650016F2AC /* Assets.xcassets */,
				AB7970EC1C80EC650016F2AC /* LaunchScreen.storyboard */,
				AB7970EF1C80EC650016F2AC /* Info.plist */,
				AB6EB7161CD1B01900F01C0E /* Grace Lutheran-Bridging-Header.h */,
				AB6EB7191CD1B14300F01C0E /* ZZAppDelegate.h */,
			);
			path = "Grace Lutheran";
			sourceTree = "<group>";
		};
		AB7970FD1C80F1FA0016F2AC /* Pictures */ = {
			isa = PBXGroup;
			children = (
				AB543F7C1CDA87EF00030CD1 /* book-cover-7.png */,
				AB543F7D1CDA87EF00030CD1 /* calendar-7.png */,
				AB543F7A1CDA875D00030CD1 /* square-individual-nine-7.png */,
				AB543F781CDA818700030CD1 /* Home.png */,
				AB543F6D1CD955FE00030CD1 /* AppIcon */,
				AB543F671CD7F68400030CD1 /* church.png */,
				AB543F681CD7F68400030CD1 /* ecc.png */,
				AB543F691CD7F68400030CD1 /* school.png */,
				AB6EB7301CD4526200F01C0E /* gllogo.jpg */,
				AB6EB72E1CD4501400F01C0E /* lcmslogowwords.jpeg */,
				AB6DC8C81CC725E70069B3CA /* lcms-logo.png */,
			);
			name = Pictures;
			sourceTree = "<group>";
		};
/* End PBXGroup section */

/* Begin PBXNativeTarget section */
		AB7970DF1C80EC650016F2AC /* Grace Lutheran */ = {
			isa = PBXNativeTarget;
			buildConfigurationList = AB7970F21C80EC650016F2AC /* Build configuration list for PBXNativeTarget "Grace Lutheran" */;
			buildPhases = (
				47F380188CEB94CB8E9EC87B /* Check Pods Manifest.lock */,
				AB7970DC1C80EC650016F2AC /* Sources */,
				AB7970DD1C80EC650016F2AC /* Frameworks */,
				AB7970DE1C80EC650016F2AC /* Resources */,
				C34FA8ACA5F7B22B5D3F7421 /* Embed Pods Frameworks */,
				6A3712FE7CE36EAF23A2F99A /* Copy Pods Resources */,
			);
			buildRules = (
			);
			dependencies = (
			);
			name = "Grace Lutheran";
			productName = "Grace Lutheran";
			productReference = AB7970E01C80EC650016F2AC /* Grace Lutheran.app */;
			productType = "com.apple.product-type.application";
		};
/* End PBXNativeTarget section */

/* Begin PBXProject section */
		AB7970D81C80EC650016F2AC /* Project object */ = {
			isa = PBXProject;
			attributes = {
				LastSwiftUpdateCheck = 0730;
				LastUpgradeCheck = 0720;
				ORGANIZATIONNAME = "Grace Lutheran - Oak Creek";
				TargetAttributes = {
					AB7970DF1C80EC650016F2AC = {
						CreatedOnToolsVersion = 7.2.1;
						DevelopmentTeam = 3K437A56E6;
					};
				};
			};
			buildConfigurationList = AB7970DB1C80EC650016F2AC /* Build configuration list for PBXProject "Grace Lutheran" */;
			compatibilityVersion = "Xcode 3.2";
			developmentRegion = English;
			hasScannedForEncodings = 0;
			knownRegions = (
				en,
				Base,
			);
			mainGroup = AB7970D71C80EC650016F2AC;
			productRefGroup = AB7970E11C80EC650016F2AC /* Products */;
			projectDirPath = "";
			projectRoot = "";
			targets = (
				AB7970DF1C80EC650016F2AC /* Grace Lutheran */,
			);
		};
/* End PBXProject section */

/* Begin PBXResourcesBuildPhase section */
		AB7970DE1C80EC650016F2AC /* Resources */ = {
			isa = PBXResourcesBuildPhase;
			buildActionMask = 2147483647;
			files = (
				AB7970EE1C80EC650016F2AC /* LaunchScreen.storyboard in Resources */,
				AB543F7B1CDA875D00030CD1 /* square-individual-nine-7.png in Resources */,
				AB543F761CD9561E00030CD1 /* logo120.png in Resources */,
				AB543F7F1CDA87EF00030CD1 /* calendar-7.png in Resources */,
				AB543F751CD9561E00030CD1 /* logo87.png in Resources */,
				AB543F7E1CDA87EF00030CD1 /* book-cover-7.png in Resources */,
				AB543F6A1CD7F68400030CD1 /* church.png in Resources */,
				AB543F731CD9561E00030CD1 /* logo58.png in Resources */,
				AB543F6B1CD7F68400030CD1 /* ecc.png in Resources */,
				AB6EB7311CD4526200F01C0E /* gllogo.jpg in Resources */,
				AB543F741CD9561E00030CD1 /* logo80.png in Resources */,
				AB7970EB1C80EC650016F2AC /* Assets.xcassets in Resources */,
				AB6EB72F1CD4501400F01C0E /* lcmslogowwords.jpeg in Resources */,
				AB543F771CD9561E00030CD1 /* logo180.png in Resources */,
				AB543F6C1CD7F68400030CD1 /* school.png in Resources */,
				AB543F791CDA818700030CD1 /* Home.png in Resources */,
				AB7970E91C80EC650016F2AC /* Main.storyboard in Resources */,
				AB6DC8C91CC725E70069B3CA /* lcms-logo.png in Resources */,
			);
			runOnlyForDeploymentPostprocessing = 0;
		};
/* End PBXResourcesBuildPhase section */

/* Begin PBXShellScriptBuildPhase section */
		47F380188CEB94CB8E9EC87B /* Check Pods Manifest.lock */ = {
			isa = PBXShellScriptBuildPhase;
			buildActionMask = 2147483647;
			files = (
			);
			inputPaths = (
			);
			name = "Check Pods Manifest.lock";
			outputPaths = (
			);
			runOnlyForDeploymentPostprocessing = 0;
			shellPath = /bin/sh;
			shellScript = "diff \"${PODS_ROOT}/../Podfile.lock\" \"${PODS_ROOT}/Manifest.lock\" > /dev/null\nif [[ $? != 0 ]] ; then\n    cat << EOM\nerror: The sandbox is not in sync with the Podfile.lock. Run 'pod install' or update your CocoaPods installation.\nEOM\n    exit 1\nfi\n";
			showEnvVarsInLog = 0;
		};
		6A3712FE7CE36EAF23A2F99A /* Copy Pods Resources */ = {
			isa = PBXShellScriptBuildPhase;
			buildActionMask = 2147483647;
			files = (
			);
			inputPaths = (
			);
			name = "Copy Pods Resources";
			outputPaths = (
			);
			runOnlyForDeploymentPostprocessing = 0;
			shellPath = /bin/sh;
			shellScript = "\"${SRCROOT}/Pods/Target Support Files/Pods/Pods-resources.sh\"\n";
			showEnvVarsInLog = 0;
		};
		C34FA8ACA5F7B22B5D3F7421 /* Embed Pods Frameworks */ = {
			isa = PBXShellScriptBuildPhase;
			buildActionMask = 2147483647;
			files = (
			);
			inputPaths = (
			);
			name = "Embed Pods Frameworks";
			outputPaths = (
			);
			runOnlyForDeploymentPostprocessing = 0;
			shellPath = /bin/sh;
			shellScript = "\"${SRCROOT}/Pods/Target Support Files/Pods/Pods-frameworks.sh\"\n";
			showEnvVarsInLog = 0;
		};
/* End PBXShellScriptBuildPhase section */

/* Begin PBXSourcesBuildPhase section */
		AB7970DC1C80EC650016F2AC /* Sources */ = {
			isa = PBXSourcesBuildPhase;
			buildActionMask = 2147483647;
			files = (
				AB6DC89D1CC5C4510069B3CA /* Newsletters.swift in Sources */,
				AB7970FA1C80F1080016F2AC /* Daily Devotion Page.swift in Sources */,
				AB6DC89B1CC5C4450069B3CA /* Prayers.swift in Sources */,
				AB7970F81C80ED710016F2AC /* Calendar Page.swift in Sources */,
				AB6EB7331CD4816800F01C0E /* Directions.swift in Sources */,
				AB1B26291CA5E0AE00BDE9FA /* Bible.swift in Sources */,
				AB6DC8A51CC5C4890069B3CA /* Service Times.swift in Sources */,
				AB7970E41C80EC650016F2AC /* AppDelegate.swift in Sources */,
				AB6DC8A11CC5C46E0069B3CA /* Facebook.swift in Sources */,
				AB1B26271CA3375200BDE9FA /* PhoneCore.swift in Sources */,
				AB6DC8A31CC5C47B0069B3CA /* Donations.swift in Sources */,
				AB7970FC1C80F1180016F2AC /* More Page.swift in Sources */,
				AB7970F61C80ED5B0016F2AC /* About Page.swift in Sources */,
				AB6DC8C51CC6F1670069B3CA /* Submit Prayer.swift in Sources */,
				AB6EB72D1CD3EA8400F01C0E /* Contact Us.swift in Sources */,
			);
			runOnlyForDeploymentPostprocessing = 0;
		};
/* End PBXSourcesBuildPhase section */

/* Begin PBXVariantGroup section */
		AB7970E71C80EC650016F2AC /* Main.storyboard */ = {
			isa = PBXVariantGroup;
			children = (
				AB7970E81C80EC650016F2AC /* Base */,
			);
			name = Main.storyboard;
			sourceTree = "<group>";
		};
		AB7970EC1C80EC650016F2AC /* LaunchScreen.storyboard */ = {
			isa = PBXVariantGroup;
			children = (
				AB7970ED1C80EC650016F2AC /* Base */,
			);
			name = LaunchScreen.storyboard;
			sourceTree = "<group>";
		};
/* End PBXVariantGroup section */

/* Begin XCBuildConfiguration section */
		AB7970F01C80EC650016F2AC /* Debug */ = {
			isa = XCBuildConfiguration;
			buildSettings = {
				ALWAYS_SEARCH_USER_PATHS = NO;
				CLANG_CXX_LANGUAGE_STANDARD = "gnu++0x";
				CLANG_CXX_LIBRARY = "libc++";
				CLANG_ENABLE_MODULES = YES;
				CLANG_ENABLE_OBJC_ARC = YES;
				CLANG_WARN_BOOL_CONVERSION = YES;
				CLANG_WARN_CONSTANT_CONVERSION = YES;
				CLANG_WARN_DIRECT_OBJC_ISA_USAGE = YES_ERROR;
				CLANG_WARN_EMPTY_BODY = YES;
				CLANG_WARN_ENUM_CONVERSION = YES;
				CLANG_WARN_INT_CONVERSION = YES;
				CLANG_WARN_OBJC_ROOT_CLASS = YES_ERROR;
				CLANG_WARN_UNREACHABLE_CODE = YES;
				CLANG_WARN__DUPLICATE_METHOD_MATCH = YES;
				"CODE_SIGN_IDENTITY[sdk=iphoneos*]" = "iPhone Developer";
				COPY_PHASE_STRIP = NO;
				DEBUG_INFORMATION_FORMAT = dwarf;
				ENABLE_STRICT_OBJC_MSGSEND = YES;
				ENABLE_TESTABILITY = YES;
				GCC_C_LANGUAGE_STANDARD = gnu99;
				GCC_DYNAMIC_NO_PIC = NO;
				GCC_NO_COMMON_BLOCKS = YES;
				GCC_OPTIMIZATION_LEVEL = 0;
				GCC_PREPROCESSOR_DEFINITIONS = (
					"DEBUG=1",
					"$(inherited)",
				);
				GCC_WARN_64_TO_32_BIT_CONVERSION = YES;
				GCC_WARN_ABOUT_RETURN_TYPE = YES_ERROR;
				GCC_WARN_UNDECLARED_SELECTOR = YES;
				GCC_WARN_UNINITIALIZED_AUTOS = YES_AGGRESSIVE;
				GCC_WARN_UNUSED_FUNCTION = YES;
				GCC_WARN_UNUSED_VARIABLE = YES;
				IPHONEOS_DEPLOYMENT_TARGET = 9.2;
				MTL_ENABLE_DEBUG_INFO = YES;
				ONLY_ACTIVE_ARCH = YES;
				SDKROOT = iphoneos;
				SWIFT_OPTIMIZATION_LEVEL = "-Onone";
			};
			name = Debug;
		};
		AB7970F11C80EC650016F2AC /* Release */ = {
			isa = XCBuildConfiguration;
			buildSettings = {
				ALWAYS_SEARCH_USER_PATHS = NO;
				CLANG_CXX_LANGUAGE_STANDARD = "gnu++0x";
				CLANG_CXX_LIBRARY = "libc++";
				CLANG_ENABLE_MODULES = YES;
				CLANG_ENABLE_OBJC_ARC = YES;
				CLANG_WARN_BOOL_CONVERSION = YES;
				CLANG_WARN_CONSTANT_CONVERSION = YES;
				CLANG_WARN_DIRECT_OBJC_ISA_USAGE = YES_ERROR;
				CLANG_WARN_EMPTY_BODY = YES;
				CLANG_WARN_ENUM_CONVERSION = YES;
				CLANG_WARN_INT_CONVERSION = YES;
				CLANG_WARN_OBJC_ROOT_CLASS = YES_ERROR;
				CLANG_WARN_UNREACHABLE_CODE = YES;
				CLANG_WARN__DUPLICATE_METHOD_MATCH = YES;
				"CODE_SIGN_IDENTITY[sdk=iphoneos*]" = "iPhone Developer";
				COPY_PHASE_STRIP = NO;
				DEBUG_INFORMATION_FORMAT = "dwarf-with-dsym";
				ENABLE_NS_ASSERTIONS = NO;
				ENABLE_STRICT_OBJC_MSGSEND = YES;
				GCC_C_LANGUAGE_STANDARD = gnu99;
				GCC_NO_COMMON_BLOCKS = YES;
				GCC_WARN_64_TO_32_BIT_CONVERSION = YES;
				GCC_WARN_ABOUT_RETURN_TYPE = YES_ERROR;
				GCC_WARN_UNDECLARED_SELECTOR = YES;
				GCC_WARN_UNINITIALIZED_AUTOS = YES_AGGRESSIVE;
				GCC_WARN_UNUSED_FUNCTION = YES;
				GCC_WARN_UNUSED_VARIABLE = YES;
				IPHONEOS_DEPLOYMENT_TARGET = 9.2;
				MTL_ENABLE_DEBUG_INFO = NO;
				SDKROOT = iphoneos;
				VALIDATE_PRODUCT = YES;
			};
			name = Release;
		};
		AB7970F31C80EC650016F2AC /* Debug */ = {
			isa = XCBuildConfiguration;
			baseConfigurationReference = 60C13983F95DCA9AC0D6C128 /* Pods.debug.xcconfig */;
			buildSettings = {
				ASSETCATALOG_COMPILER_APPICON_NAME = AppIcon;
				ASSETCATALOG_COMPILER_LAUNCHIMAGE_NAME = "Brand Assets";
				CLANG_ENABLE_MODULES = YES;
				INFOPLIST_FILE = "Grace Lutheran/Info.plist";
				LD_RUNPATH_SEARCH_PATHS = "$(inherited) @executable_path/Frameworks";
				PRODUCT_BUNDLE_IDENTIFIER = "GLOK.Grace-Lutheran";
				PRODUCT_NAME = "$(TARGET_NAME)";
				SWIFT_OBJC_BRIDGING_HEADER = "Grace Lutheran/Grace Lutheran-Bridging-Header.h";
				SWIFT_OPTIMIZATION_LEVEL = "-Onone";
			};
			name = Debug;
		};
		AB7970F41C80EC650016F2AC /* Release */ = {
			isa = XCBuildConfiguration;
			baseConfigurationReference = BFC69DC1F824AEB669AD0523 /* Pods.release.xcconfig */;
			buildSettings = {
				ASSETCATALOG_COMPILER_APPICON_NAME = AppIcon;
				ASSETCATALOG_COMPILER_LAUNCHIMAGE_NAME = "Brand Assets";
				CLANG_ENABLE_MODULES = YES;
				INFOPLIST_FILE = "Grace Lutheran/Info.plist";
				LD_RUNPATH_SEARCH_PATHS = "$(inherited) @executable_path/Frameworks";
				PRODUCT_BUNDLE_IDENTIFIER = "GLOK.Grace-Lutheran";
				PRODUCT_NAME = "$(TARGET_NAME)";
				SWIFT_OBJC_BRIDGING_HEADER = "Grace Lutheran/Grace Lutheran-Bridging-Header.h";
			};
			name = Release;
		};
/* End XCBuildConfiguration section */

/* Begin XCConfigurationList section */
		AB7970DB1C80EC650016F2AC /* Build configuration list for PBXProject "Grace Lutheran" */ = {
			isa = XCConfigurationList;
			buildConfigurations = (
				AB7970F01C80EC650016F2AC /* Debug */,
				AB7970F11C80EC650016F2AC /* Release */,
			);
			defaultConfigurationIsVisible = 0;
			defaultConfigurationName = Release;
		};
		AB7970F21C80EC650016F2AC /* Build configuration list for PBXNativeTarget "Grace Lutheran" */ = {
			isa = XCConfigurationList;
			buildConfigurations = (
				AB7970F31C80EC650016F2AC /* Debug */,
				AB7970F41C80EC650016F2AC /* Release */,
			);
			defaultConfigurationIsVisible = 0;
			defaultConfigurationName = Release;
		};
/* End XCConfigurationList section */
	};
	rootObject = AB7970D81C80EC650016F2AC /* Project object */;
}
